// !$*UTF8*$!
{
	archiveVersion = 1;
	classes = {
	};
	objectVersion = 46;
	objects = {

/* Begin PBXBuildFile section */
		962E88C91A33EFAA0004DE04 /* difficulty_loop.cpp in Sources */ = {isa = PBXBuildFile; fileRef = 962E88C81A33EFAA0004DE04 /* difficulty_loop.cpp */; };
		968608701B6B10830008BD29 /* atlas_accessor.cpp in Sources */ = {isa = PBXBuildFile; fileRef = 9686086E1B6B10830008BD29 /* atlas_accessor.cpp */; };
		968608711B6B10830008BD29 /* atlas.cpp in Sources */ = {isa = PBXBuildFile; fileRef = 9686086F1B6B10830008BD29 /* atlas.cpp */; };
		968608731B6B10A00008BD29 /* wrap.cpp in Sources */ = {isa = PBXBuildFile; fileRef = 968608721B6B10A00008BD29 /* wrap.cpp */; };
		968608741B6B12570008BD29 /* libAllegro5_iOS.a in Frameworks */ = {isa = PBXBuildFile; fileRef = 96D35D1C1B39BCB5000B18FD /* libAllegro5_iOS.a */; };
		968608781B6B12C40008BD29 /* liblua5.2.a in Frameworks */ = {isa = PBXBuildFile; fileRef = 968608771B6B12C30008BD29 /* liblua5.2.a */; };
		9686087C1B6B13A30008BD29 /* CFNetwork.framework in Frameworks */ = {isa = PBXBuildFile; fileRef = 9686087B1B6B13A30008BD29 /* CFNetwork.framework */; };
		9686087E1B6B13EF0008BD29 /* QuartzCore.framework in Frameworks */ = {isa = PBXBuildFile; fileRef = 9686087D1B6B13EF0008BD29 /* QuartzCore.framework */; };
		96BD8DCE19AFE7CA001BDCE2 /* Foundation.framework in Frameworks */ = {isa = PBXBuildFile; fileRef = 96BD8DCD19AFE7CA001BDCE2 /* Foundation.framework */; };
		96BD8DD019AFE7CA001BDCE2 /* CoreGraphics.framework in Frameworks */ = {isa = PBXBuildFile; fileRef = 96BD8DCF19AFE7CA001BDCE2 /* CoreGraphics.framework */; };
		96BD8DD219AFE7CA001BDCE2 /* UIKit.framework in Frameworks */ = {isa = PBXBuildFile; fileRef = 96BD8DD119AFE7CA001BDCE2 /* UIKit.framework */; };
		96BD8DE019AFE7CA001BDCE2 /* Images.xcassets in Resources */ = {isa = PBXBuildFile; fileRef = 96BD8DDF19AFE7CA001BDCE2 /* Images.xcassets */; };
		96C4541119F16F7500D8FCFF /* language_config_loop.cpp in Sources */ = {isa = PBXBuildFile; fileRef = 96C4541019F16F7500D8FCFF /* language_config_loop.cpp */; };
		96C4541319F1729900D8FCFF /* settings_loop.cpp in Sources */ = {isa = PBXBuildFile; fileRef = 96C4541219F1729900D8FCFF /* settings_loop.cpp */; };
		96C4541519F172E300D8FCFF /* video_config_loop.cpp in Sources */ = {isa = PBXBuildFile; fileRef = 96C4541419F172E300D8FCFF /* video_config_loop.cpp */; };
		96CE34AE1B6B046A00705360 /* libbass.a in Frameworks */ = {isa = PBXBuildFile; fileRef = 96CE34A81B6B046A00705360 /* libbass.a */; };
		96CE34AF1B6B046A00705360 /* libfreetype.a in Frameworks */ = {isa = PBXBuildFile; fileRef = 96CE34A91B6B046A00705360 /* libfreetype.a */; };
		96CE34B11B6B046A00705360 /* libpoly2tri.a in Frameworks */ = {isa = PBXBuildFile; fileRef = 96CE34AB1B6B046A00705360 /* libpoly2tri.a */; };
		96CE34B21B6B046A00705360 /* libtgui2.a in Frameworks */ = {isa = PBXBuildFile; fileRef = 96CE34AC1B6B046A00705360 /* libtgui2.a */; };
		96CE34B51B6B046F00705360 /* libz.dylib in Frameworks */ = {isa = PBXBuildFile; fileRef = 96CE34B41B6B046F00705360 /* libz.dylib */; };
		96CE34B71B6B048C00705360 /* libbassmidi.a in Frameworks */ = {isa = PBXBuildFile; fileRef = 96CE34B61B6B048C00705360 /* libbassmidi.a */; };
		96D091AB19AFFA4B0084C11A /* abilities.cpp in Sources */ = {isa = PBXBuildFile; fileRef = 96D0916219AFFA4B0084C11A /* abilities.cpp */; };
		96D091AD19AFFA4B0084C11A /* animation_set.cpp in Sources */ = {isa = PBXBuildFile; fileRef = 96D0916419AFFA4B0084C11A /* animation_set.cpp */; };
		96D091AE19AFFA4B0084C11A /* animation.cpp in Sources */ = {isa = PBXBuildFile; fileRef = 96D0916519AFFA4B0084C11A /* animation.cpp */; };
		96D091AF19AFFA4B0084C11A /* apple.m in Sources */ = {isa = PBXBuildFile; fileRef = 96D0916619AFFA4B0084C11A /* apple.m */; };
		96D091B019AFFA4B0084C11A /* area_loop.cpp in Sources */ = {isa = PBXBuildFile; fileRef = 96D0916719AFFA4B0084C11A /* area_loop.cpp */; };
		96D091B119AFFA4B0084C11A /* area_manager.cpp in Sources */ = {isa = PBXBuildFile; fileRef = 96D0916819AFFA4B0084C11A /* area_manager.cpp */; };
		96D091B219AFFA4B0084C11A /* astar_character_role.cpp in Sources */ = {isa = PBXBuildFile; fileRef = 96D0916919AFFA4B0084C11A /* astar_character_role.cpp */; };
		96D091B319AFFA4B0084C11A /* astar.cpp in Sources */ = {isa = PBXBuildFile; fileRef = 96D0916A19AFFA4B0084C11A /* astar.cpp */; };
		96D091B419AFFA4B0084C11A /* bass_fileprocs.cpp in Sources */ = {isa = PBXBuildFile; fileRef = 96D0916B19AFFA4B0084C11A /* bass_fileprocs.cpp */; };
		96D091B519AFFA4B0084C11A /* bass.cpp in Sources */ = {isa = PBXBuildFile; fileRef = 96D0916C19AFFA4B0084C11A /* bass.cpp */; };
		96D091B619AFFA4B0084C11A /* battle_ai.cpp in Sources */ = {isa = PBXBuildFile; fileRef = 96D0916D19AFFA4B0084C11A /* battle_ai.cpp */; };
		96D091B719AFFA4B0084C11A /* battle_entity.cpp in Sources */ = {isa = PBXBuildFile; fileRef = 96D0916E19AFFA4B0084C11A /* battle_entity.cpp */; };
		96D091B819AFFA4B0084C11A /* battle_loop.cpp in Sources */ = {isa = PBXBuildFile; fileRef = 96D0916F19AFFA4B0084C11A /* battle_loop.cpp */; };
		96D091B919AFFA4B0084C11A /* battle_pathfind.cpp in Sources */ = {isa = PBXBuildFile; fileRef = 96D0917019AFFA4B0084C11A /* battle_pathfind.cpp */; };
		96D091BA19AFFA4B0084C11A /* battle_transition_in.cpp in Sources */ = {isa = PBXBuildFile; fileRef = 96D0917119AFFA4B0084C11A /* battle_transition_in.cpp */; };
		96D091BB19AFFA4B0084C11A /* bitmap.cpp in Sources */ = {isa = PBXBuildFile; fileRef = 96D0917219AFFA4B0084C11A /* bitmap.cpp */; };
		96D091BC19AFFA4B0084C11A /* bones.cpp in Sources */ = {isa = PBXBuildFile; fileRef = 96D0917319AFFA4B0084C11A /* bones.cpp */; };
		96D091BD19AFFA4B0084C11A /* camera.cpp in Sources */ = {isa = PBXBuildFile; fileRef = 96D0917419AFFA4B0084C11A /* camera.cpp */; };
		96D091BE19AFFA4B0084C11A /* character_map_entity.cpp in Sources */ = {isa = PBXBuildFile; fileRef = 96D0917519AFFA4B0084C11A /* character_map_entity.cpp */; };
		96D091BF19AFFA4B0084C11A /* character_role.cpp in Sources */ = {isa = PBXBuildFile; fileRef = 96D0917619AFFA4B0084C11A /* character_role.cpp */; };
		96D091C019AFFA4B0084C11A /* collidable.cpp in Sources */ = {isa = PBXBuildFile; fileRef = 96D0917719AFFA4B0084C11A /* collidable.cpp */; };
		96D091C119AFFA4B0084C11A /* collision_detection.cpp in Sources */ = {isa = PBXBuildFile; fileRef = 96D0917819AFFA4B0084C11A /* collision_detection.cpp */; };
		96D091C219AFFA4B0084C11A /* config.cpp in Sources */ = {isa = PBXBuildFile; fileRef = 96D0917919AFFA4B0084C11A /* config.cpp */; };
		96D091C319AFFA4B0084C11A /* cpa.cpp in Sources */ = {isa = PBXBuildFile; fileRef = 96D0917A19AFFA4B0084C11A /* cpa.cpp */; };
		96D091C419AFFA4B0084C11A /* credits_loop.cpp in Sources */ = {isa = PBXBuildFile; fileRef = 96D0917B19AFFA4B0084C11A /* credits_loop.cpp */; };
		96D091C519AFFA4B0084C11A /* crystal_loop.cpp in Sources */ = {isa = PBXBuildFile; fileRef = 96D0917C19AFFA4B0084C11A /* crystal_loop.cpp */; };
		96D091C619AFFA4B0084C11A /* crystalpicnic.cpp in Sources */ = {isa = PBXBuildFile; fileRef = 96D0917D19AFFA4B0084C11A /* crystalpicnic.cpp */; };
		96D091C719AFFA4B0084C11A /* direct3d.cpp in Sources */ = {isa = PBXBuildFile; fileRef = 96D0917E19AFFA4B0084C11A /* direct3d.cpp */; };
		96D091C819AFFA4B0084C11A /* enemy_avatar_wander_character_role.cpp in Sources */ = {isa = PBXBuildFile; fileRef = 96D0917F19AFFA4B0084C11A /* enemy_avatar_wander_character_role.cpp */; };
		96D091C919AFFA4B0084C11A /* enemy_avatar.cpp in Sources */ = {isa = PBXBuildFile; fileRef = 96D0918019AFFA4B0084C11A /* enemy_avatar.cpp */; };
		96D091CA19AFFA4B0084C11A /* engine.cpp in Sources */ = {isa = PBXBuildFile; fileRef = 96D0918119AFFA4B0084C11A /* engine.cpp */; };
		96D091CB19AFFA4B0084C11A /* entity.cpp in Sources */ = {isa = PBXBuildFile; fileRef = 96D0918219AFFA4B0084C11A /* entity.cpp */; };
		96D091CC19AFFA4B0084C11A /* error.cpp in Sources */ = {isa = PBXBuildFile; fileRef = 96D0918319AFFA4B0084C11A /* error.cpp */; };
		96D091CD19AFFA4B0084C11A /* follow_character_role.cpp in Sources */ = {isa = PBXBuildFile; fileRef = 96D0918419AFFA4B0084C11A /* follow_character_role.cpp */; };
		96D091CE19AFFA4B0084C11A /* frame.cpp in Sources */ = {isa = PBXBuildFile; fileRef = 96D0918519AFFA4B0084C11A /* frame.cpp */; };
		96D091CF19AFFA4B0084C11A /* game_specific_globals.cpp in Sources */ = {isa = PBXBuildFile; fileRef = 96D0918619AFFA4B0084C11A /* game_specific_globals.cpp */; };
		96D091D019AFFA4B0084C11A /* general.cpp in Sources */ = {isa = PBXBuildFile; fileRef = 96D0918719AFFA4B0084C11A /* general.cpp */; };
		96D091D119AFFA4B0084C11A /* graphics.cpp in Sources */ = {isa = PBXBuildFile; fileRef = 96D0918819AFFA4B0084C11A /* graphics.cpp */; };
		96D091D419AFFA4B0084C11A /* input_config_loop.cpp in Sources */ = {isa = PBXBuildFile; fileRef = 96D0918B19AFFA4B0084C11A /* input_config_loop.cpp */; };
		96D091D519AFFA4B0084C11A /* lua.cpp in Sources */ = {isa = PBXBuildFile; fileRef = 96D0918C19AFFA4B0084C11A /* lua.cpp */; };
		96D091D619AFFA4B0084C11A /* main_menu_loop.cpp in Sources */ = {isa = PBXBuildFile; fileRef = 96D0918D19AFFA4B0084C11A /* main_menu_loop.cpp */; };
		96D091D719AFFA4B0084C11A /* main.cpp in Sources */ = {isa = PBXBuildFile; fileRef = 96D0918E19AFFA4B0084C11A /* main.cpp */; };
		96D091D919AFFA4B0084C11A /* map_entity.cpp in Sources */ = {isa = PBXBuildFile; fileRef = 96D0919019AFFA4B0084C11A /* map_entity.cpp */; };
		96D091DA19AFFA4B0084C11A /* map_loop.cpp in Sources */ = {isa = PBXBuildFile; fileRef = 96D0919119AFFA4B0084C11A /* map_loop.cpp */; };
		96D091DB19AFFA4B0084C11A /* mt19937ar.c in Sources */ = {isa = PBXBuildFile; fileRef = 96D0919219AFFA4B0084C11A /* mt19937ar.c */; };
		96D091DC19AFFA4B0084C11A /* music.cpp in Sources */ = {isa = PBXBuildFile; fileRef = 96D0919319AFFA4B0084C11A /* music.cpp */; };
		96D091DD19AFFA4B0084C11A /* my_load_bitmap.cpp in Sources */ = {isa = PBXBuildFile; fileRef = 96D0919419AFFA4B0084C11A /* my_load_bitmap.cpp */; };
		96D091DE19AFFA4B0084C11A /* npc.cpp in Sources */ = {isa = PBXBuildFile; fileRef = 96D0919519AFFA4B0084C11A /* npc.cpp */; };
		96D091DF19AFFA4B0084C11A /* particle.cpp in Sources */ = {isa = PBXBuildFile; fileRef = 96D0919619AFFA4B0084C11A /* particle.cpp */; };
		96D091E019AFFA4B0084C11A /* player.cpp in Sources */ = {isa = PBXBuildFile; fileRef = 96D0919719AFFA4B0084C11A /* player.cpp */; };
		96D091E119AFFA4B0084C11A /* resource_manager.cpp in Sources */ = {isa = PBXBuildFile; fileRef = 96D0919819AFFA4B0084C11A /* resource_manager.cpp */; };
		96D091E219AFFA4B0084C11A /* runner_loop.cpp in Sources */ = {isa = PBXBuildFile; fileRef = 96D0919919AFFA4B0084C11A /* runner_loop.cpp */; };
		96D091E319AFFA4B0084C11A /* saveload_loop.cpp in Sources */ = {isa = PBXBuildFile; fileRef = 96D0919A19AFFA4B0084C11A /* saveload_loop.cpp */; };
		96D091E419AFFA4B0084C11A /* shaders.cpp in Sources */ = {isa = PBXBuildFile; fileRef = 96D0919B19AFFA4B0084C11A /* shaders.cpp */; };
		96D091E519AFFA4B0084C11A /* shop_loop.cpp in Sources */ = {isa = PBXBuildFile; fileRef = 96D0919C19AFFA4B0084C11A /* shop_loop.cpp */; };
		96D091E619AFFA4B0084C11A /* skeleton.cpp in Sources */ = {isa = PBXBuildFile; fileRef = 96D0919D19AFFA4B0084C11A /* skeleton.cpp */; };
		96D091E719AFFA4B0084C11A /* snprintf.c in Sources */ = {isa = PBXBuildFile; fileRef = 96D0919E19AFFA4B0084C11A /* snprintf.c */; };
		96D091E819AFFA4B0084C11A /* sound.cpp in Sources */ = {isa = PBXBuildFile; fileRef = 96D0919F19AFFA4B0084C11A /* sound.cpp */; };
		96D091E919AFFA4B0084C11A /* speech_loop.cpp in Sources */ = {isa = PBXBuildFile; fileRef = 96D091A019AFFA4B0084C11A /* speech_loop.cpp */; };
		96D091EA19AFFA4B0084C11A /* steering.cpp in Sources */ = {isa = PBXBuildFile; fileRef = 96D091A119AFFA4B0084C11A /* steering.cpp */; };
		96D091EB19AFFA4B0084C11A /* tls.cpp in Sources */ = {isa = PBXBuildFile; fileRef = 96D091A219AFFA4B0084C11A /* tls.cpp */; };
		96D091EC19AFFA4B0084C11A /* triangulate.cpp in Sources */ = {isa = PBXBuildFile; fileRef = 96D091A319AFFA4B0084C11A /* triangulate.cpp */; };
		96D091ED19AFFA4B0084C11A /* video_player.cpp in Sources */ = {isa = PBXBuildFile; fileRef = 96D091A419AFFA4B0084C11A /* video_player.cpp */; };
		96D091EE19AFFA4B0084C11A /* wander_character_role.cpp in Sources */ = {isa = PBXBuildFile; fileRef = 96D091A519AFFA4B0084C11A /* wander_character_role.cpp */; };
		96D091EF19AFFA4B0084C11A /* weaponized_entity.cpp in Sources */ = {isa = PBXBuildFile; fileRef = 96D091A619AFFA4B0084C11A /* weaponized_entity.cpp */; };
		96D091F019AFFA4B0084C11A /* well512.c in Sources */ = {isa = PBXBuildFile; fileRef = 96D091A719AFFA4B0084C11A /* well512.c */; };
		96D091F119AFFA4B0084C11A /* whack_a_skunk_loop.cpp in Sources */ = {isa = PBXBuildFile; fileRef = 96D091A819AFFA4B0084C11A /* whack_a_skunk_loop.cpp */; };
		96D091F219AFFA4B0084C11A /* widgets.cpp in Sources */ = {isa = PBXBuildFile; fileRef = 96D091A919AFFA4B0084C11A /* widgets.cpp */; };
		96D091F319AFFA4B0084C11A /* xml.cpp in Sources */ = {isa = PBXBuildFile; fileRef = 96D091AA19AFFA4B0084C11A /* xml.cpp */; };
		96D0921919B0033F0084C11A /* AudioToolbox.framework in Frameworks */ = {isa = PBXBuildFile; fileRef = 96D0921819B0033F0084C11A /* AudioToolbox.framework */; };
		96D0921B19B003460084C11A /* OpenGLES.framework in Frameworks */ = {isa = PBXBuildFile; fileRef = 96D0921A19B003460084C11A /* OpenGLES.framework */; };
		96D0921D19B003A80084C11A /* Accelerate.framework in Frameworks */ = {isa = PBXBuildFile; fileRef = 96D0921C19B003A80084C11A /* Accelerate.framework */; };
		96D0922819B01AE00084C11A /* data.cpa.uncompressed in CopyFiles */ = {isa = PBXBuildFile; fileRef = 96D0922119B007010084C11A /* data.cpa.uncompressed */; };
		96D35D1F1B39BDB9000B18FD /* audio_config_loop.cpp in Sources */ = {isa = PBXBuildFile; fileRef = 96D35D1E1B39BDB9000B18FD /* audio_config_loop.cpp */; };
/* End PBXBuildFile section */

/* Begin PBXCopyFilesBuildPhase section */
		96D0922019B006E60084C11A /* CopyFiles */ = {
			isa = PBXCopyFilesBuildPhase;
			buildActionMask = 2147483647;
			dstPath = "";
			dstSubfolderSpec = 7;
			files = (
				96D0922819B01AE00084C11A /* data.cpa.uncompressed in CopyFiles */,
			);
			runOnlyForDeploymentPostprocessing = 0;
		};
/* End PBXCopyFilesBuildPhase section */

/* Begin PBXFileReference section */
		962E88C81A33EFAA0004DE04 /* difficulty_loop.cpp */ = {isa = PBXFileReference; fileEncoding = 4; lastKnownFileType = sourcecode.cpp.cpp; name = difficulty_loop.cpp; path = ../../src/difficulty_loop.cpp; sourceTree = "<group>"; };
		9686086E1B6B10830008BD29 /* atlas_accessor.cpp */ = {isa = PBXFileReference; fileEncoding = 4; lastKnownFileType = sourcecode.cpp.cpp; name = atlas_accessor.cpp; path = ../../libs/atlas/src/atlas_accessor.cpp; sourceTree = "<group>"; };
		9686086F1B6B10830008BD29 /* atlas.cpp */ = {isa = PBXFileReference; fileEncoding = 4; lastKnownFileType = sourcecode.cpp.cpp; name = atlas.cpp; path = ../../libs/atlas/src/atlas.cpp; sourceTree = "<group>"; };
		968608721B6B10A00008BD29 /* wrap.cpp */ = {isa = PBXFileReference; fileEncoding = 4; lastKnownFileType = sourcecode.cpp.cpp; name = wrap.cpp; path = ../../libs/wrap/src/wrap.cpp; sourceTree = "<group>"; };
		968608771B6B12C30008BD29 /* liblua5.2.a */ = {isa = PBXFileReference; lastKnownFileType = archive.ar; name = liblua5.2.a; path = ../../../iphone_libs_r/lib/liblua5.2.a; sourceTree = "<group>"; };
		968608791B6B137F0008BD29 /* MobileCoreServices.framework */ = {isa = PBXFileReference; lastKnownFileType = wrapper.framework; name = MobileCoreServices.framework; path = System/Library/Frameworks/MobileCoreServices.framework; sourceTree = SDKROOT; };
		9686087B1B6B13A30008BD29 /* CFNetwork.framework */ = {isa = PBXFileReference; lastKnownFileType = wrapper.framework; name = CFNetwork.framework; path = System/Library/Frameworks/CFNetwork.framework; sourceTree = SDKROOT; };
		9686087D1B6B13EF0008BD29 /* QuartzCore.framework */ = {isa = PBXFileReference; lastKnownFileType = wrapper.framework; name = QuartzCore.framework; path = System/Library/Frameworks/QuartzCore.framework; sourceTree = SDKROOT; };
		96BD8DCA19AFE7CA001BDCE2 /* Crystal Picnic.app */ = {isa = PBXFileReference; explicitFileType = wrapper.application; includeInIndex = 0; path = "Crystal Picnic.app"; sourceTree = BUILT_PRODUCTS_DIR; };
		96BD8DCD19AFE7CA001BDCE2 /* Foundation.framework */ = {isa = PBXFileReference; lastKnownFileType = wrapper.framework; name = Foundation.framework; path = System/Library/Frameworks/Foundation.framework; sourceTree = SDKROOT; };
		96BD8DCF19AFE7CA001BDCE2 /* CoreGraphics.framework */ = {isa = PBXFileReference; lastKnownFileType = wrapper.framework; name = CoreGraphics.framework; path = System/Library/Frameworks/CoreGraphics.framework; sourceTree = SDKROOT; };
		96BD8DD119AFE7CA001BDCE2 /* UIKit.framework */ = {isa = PBXFileReference; lastKnownFileType = wrapper.framework; name = UIKit.framework; path = System/Library/Frameworks/UIKit.framework; sourceTree = SDKROOT; };
		96BD8DD519AFE7CA001BDCE2 /* Crystal Picnic-Info.plist */ = {isa = PBXFileReference; lastKnownFileType = text.plist.xml; path = "Crystal Picnic-Info.plist"; sourceTree = "<group>"; };
		96BD8DDF19AFE7CA001BDCE2 /* Images.xcassets */ = {isa = PBXFileReference; lastKnownFileType = folder.assetcatalog; path = Images.xcassets; sourceTree = "<group>"; };
		96C4541019F16F7500D8FCFF /* language_config_loop.cpp */ = {isa = PBXFileReference; fileEncoding = 4; lastKnownFileType = sourcecode.cpp.cpp; name = language_config_loop.cpp; path = ../../src/language_config_loop.cpp; sourceTree = "<group>"; };
		96C4541219F1729900D8FCFF /* settings_loop.cpp */ = {isa = PBXFileReference; fileEncoding = 4; lastKnownFileType = sourcecode.cpp.cpp; name = settings_loop.cpp; path = ../../src/settings_loop.cpp; sourceTree = "<group>"; };
		96C4541419F172E300D8FCFF /* video_config_loop.cpp */ = {isa = PBXFileReference; fileEncoding = 4; lastKnownFileType = sourcecode.cpp.cpp; name = video_config_loop.cpp; path = ../../src/video_config_loop.cpp; sourceTree = "<group>"; };
		96CE34A81B6B046A00705360 /* libbass.a */ = {isa = PBXFileReference; lastKnownFileType = archive.ar; name = libbass.a; path = ../../../iphone_libs_r/lib/libbass.a; sourceTree = "<group>"; };
		96CE34A91B6B046A00705360 /* libfreetype.a */ = {isa = PBXFileReference; lastKnownFileType = archive.ar; name = libfreetype.a; path = ../../../iphone_libs_r/lib/libfreetype.a; sourceTree = "<group>"; };
		96CE34AA1B6B046A00705360 /* liblua.a */ = {isa = PBXFileReference; lastKnownFileType = archive.ar; name = liblua.a; path = ../../../iphone_libs_r/lib/liblua.a; sourceTree = "<group>"; };
		96CE34AB1B6B046A00705360 /* libpoly2tri.a */ = {isa = PBXFileReference; lastKnownFileType = archive.ar; name = libpoly2tri.a; path = ../../../iphone_libs_r/lib/libpoly2tri.a; sourceTree = "<group>"; };
		96CE34AC1B6B046A00705360 /* libtgui2.a */ = {isa = PBXFileReference; lastKnownFileType = archive.ar; name = libtgui2.a; path = ../../../iphone_libs_r/lib/libtgui2.a; sourceTree = "<group>"; };
		96CE34AD1B6B046A00705360 /* libwrap.a */ = {isa = PBXFileReference; lastKnownFileType = archive.ar; name = libwrap.a; path = ../../../iphone_libs_r/lib/libwrap.a; sourceTree = "<group>"; };
		96CE34B41B6B046F00705360 /* libz.dylib */ = {isa = PBXFileReference; lastKnownFileType = "compiled.mach-o.dylib"; name = libz.dylib; path = usr/lib/libz.dylib; sourceTree = SDKROOT; };
		96CE34B61B6B048C00705360 /* libbassmidi.a */ = {isa = PBXFileReference; lastKnownFileType = archive.ar; name = libbassmidi.a; path = ../../../iphone_libs_r/lib/libbassmidi.a; sourceTree = "<group>"; };
		96D0916219AFFA4B0084C11A /* abilities.cpp */ = {isa = PBXFileReference; fileEncoding = 4; lastKnownFileType = sourcecode.cpp.cpp; name = abilities.cpp; path = ../../src/abilities.cpp; sourceTree = "<group>"; };
		96D0916419AFFA4B0084C11A /* animation_set.cpp */ = {isa = PBXFileReference; fileEncoding = 4; lastKnownFileType = sourcecode.cpp.cpp; name = animation_set.cpp; path = ../../src/animation_set.cpp; sourceTree = "<group>"; };
		96D0916519AFFA4B0084C11A /* animation.cpp */ = {isa = PBXFileReference; fileEncoding = 4; lastKnownFileType = sourcecode.cpp.cpp; name = animation.cpp; path = ../../src/animation.cpp; sourceTree = "<group>"; };
		96D0916619AFFA4B0084C11A /* apple.m */ = {isa = PBXFileReference; fileEncoding = 4; lastKnownFileType = sourcecode.c.objc; name = apple.m; path = ../../src/apple.m; sourceTree = "<group>"; };
		96D0916719AFFA4B0084C11A /* area_loop.cpp */ = {isa = PBXFileReference; fileEncoding = 4; lastKnownFileType = sourcecode.cpp.cpp; name = area_loop.cpp; path = ../../src/area_loop.cpp; sourceTree = "<group>"; };
		96D0916819AFFA4B0084C11A /* area_manager.cpp */ = {isa = PBXFileReference; fileEncoding = 4; lastKnownFileType = sourcecode.cpp.cpp; name = area_manager.cpp; path = ../../src/area_manager.cpp; sourceTree = "<group>"; };
		96D0916919AFFA4B0084C11A /* astar_character_role.cpp */ = {isa = PBXFileReference; fileEncoding = 4; lastKnownFileType = sourcecode.cpp.cpp; name = astar_character_role.cpp; path = ../../src/astar_character_role.cpp; sourceTree = "<group>"; };
		96D0916A19AFFA4B0084C11A /* astar.cpp */ = {isa = PBXFileReference; fileEncoding = 4; lastKnownFileType = sourcecode.cpp.cpp; name = astar.cpp; path = ../../src/astar.cpp; sourceTree = "<group>"; };
		96D0916B19AFFA4B0084C11A /* bass_fileprocs.cpp */ = {isa = PBXFileReference; fileEncoding = 4; lastKnownFileType = sourcecode.cpp.cpp; name = bass_fileprocs.cpp; path = ../../src/bass_fileprocs.cpp; sourceTree = "<group>"; };
		96D0916C19AFFA4B0084C11A /* bass.cpp */ = {isa = PBXFileReference; fileEncoding = 4; lastKnownFileType = sourcecode.cpp.cpp; name = bass.cpp; path = ../../src/bass.cpp; sourceTree = "<group>"; };
		96D0916D19AFFA4B0084C11A /* battle_ai.cpp */ = {isa = PBXFileReference; fileEncoding = 4; lastKnownFileType = sourcecode.cpp.cpp; name = battle_ai.cpp; path = ../../src/battle_ai.cpp; sourceTree = "<group>"; };
		96D0916E19AFFA4B0084C11A /* battle_entity.cpp */ = {isa = PBXFileReference; fileEncoding = 4; lastKnownFileType = sourcecode.cpp.cpp; name = battle_entity.cpp; path = ../../src/battle_entity.cpp; sourceTree = "<group>"; };
		96D0916F19AFFA4B0084C11A /* battle_loop.cpp */ = {isa = PBXFileReference; fileEncoding = 4; lastKnownFileType = sourcecode.cpp.cpp; name = battle_loop.cpp; path = ../../src/battle_loop.cpp; sourceTree = "<group>"; };
		96D0917019AFFA4B0084C11A /* battle_pathfind.cpp */ = {isa = PBXFileReference; fileEncoding = 4; lastKnownFileType = sourcecode.cpp.cpp; name = battle_pathfind.cpp; path = ../../src/battle_pathfind.cpp; sourceTree = "<group>"; };
		96D0917119AFFA4B0084C11A /* battle_transition_in.cpp */ = {isa = PBXFileReference; fileEncoding = 4; lastKnownFileType = sourcecode.cpp.cpp; name = battle_transition_in.cpp; path = ../../src/battle_transition_in.cpp; sourceTree = "<group>"; };
		96D0917219AFFA4B0084C11A /* bitmap.cpp */ = {isa = PBXFileReference; fileEncoding = 4; lastKnownFileType = sourcecode.cpp.cpp; name = bitmap.cpp; path = ../../src/bitmap.cpp; sourceTree = "<group>"; };
		96D0917319AFFA4B0084C11A /* bones.cpp */ = {isa = PBXFileReference; fileEncoding = 4; lastKnownFileType = sourcecode.cpp.cpp; name = bones.cpp; path = ../../src/bones.cpp; sourceTree = "<group>"; };
		96D0917419AFFA4B0084C11A /* camera.cpp */ = {isa = PBXFileReference; fileEncoding = 4; lastKnownFileType = sourcecode.cpp.cpp; name = camera.cpp; path = ../../src/camera.cpp; sourceTree = "<group>"; };
		96D0917519AFFA4B0084C11A /* character_map_entity.cpp */ = {isa = PBXFileReference; fileEncoding = 4; lastKnownFileType = sourcecode.cpp.cpp; name = character_map_entity.cpp; path = ../../src/character_map_entity.cpp; sourceTree = "<group>"; };
		96D0917619AFFA4B0084C11A /* character_role.cpp */ = {isa = PBXFileReference; fileEncoding = 4; lastKnownFileType = sourcecode.cpp.cpp; name = character_role.cpp; path = ../../src/character_role.cpp; sourceTree = "<group>"; };
		96D0917719AFFA4B0084C11A /* collidable.cpp */ = {isa = PBXFileReference; fileEncoding = 4; lastKnownFileType = sourcecode.cpp.cpp; name = collidable.cpp; path = ../../src/collidable.cpp; sourceTree = "<group>"; };
		96D0917819AFFA4B0084C11A /* collision_detection.cpp */ = {isa = PBXFileReference; fileEncoding = 4; lastKnownFileType = sourcecode.cpp.cpp; name = collision_detection.cpp; path = ../../src/collision_detection.cpp; sourceTree = "<group>"; };
		96D0917919AFFA4B0084C11A /* config.cpp */ = {isa = PBXFileReference; fileEncoding = 4; lastKnownFileType = sourcecode.cpp.cpp; name = config.cpp; path = ../../src/config.cpp; sourceTree = "<group>"; };
		96D0917A19AFFA4B0084C11A /* cpa.cpp */ = {isa = PBXFileReference; fileEncoding = 4; lastKnownFileType = sourcecode.cpp.cpp; name = cpa.cpp; path = ../../src/cpa.cpp; sourceTree = "<group>"; };
		96D0917B19AFFA4B0084C11A /* credits_loop.cpp */ = {isa = PBXFileReference; fileEncoding = 4; lastKnownFileType = sourcecode.cpp.cpp; name = credits_loop.cpp; path = ../../src/credits_loop.cpp; sourceTree = "<group>"; };
		96D0917C19AFFA4B0084C11A /* crystal_loop.cpp */ = {isa = PBXFileReference; fileEncoding = 4; lastKnownFileType = sourcecode.cpp.cpp; name = crystal_loop.cpp; path = ../../src/crystal_loop.cpp; sourceTree = "<group>"; };
		96D0917D19AFFA4B0084C11A /* crystalpicnic.cpp */ = {isa = PBXFileReference; fileEncoding = 4; lastKnownFileType = sourcecode.cpp.cpp; name = crystalpicnic.cpp; path = ../../src/crystalpicnic.cpp; sourceTree = "<group>"; };
		96D0917E19AFFA4B0084C11A /* direct3d.cpp */ = {isa = PBXFileReference; fileEncoding = 4; lastKnownFileType = sourcecode.cpp.cpp; name = direct3d.cpp; path = ../../src/direct3d.cpp; sourceTree = "<group>"; };
		96D0917F19AFFA4B0084C11A /* enemy_avatar_wander_character_role.cpp */ = {isa = PBXFileReference; fileEncoding = 4; lastKnownFileType = sourcecode.cpp.cpp; name = enemy_avatar_wander_character_role.cpp; path = ../../src/enemy_avatar_wander_character_role.cpp; sourceTree = "<group>"; };
		96D0918019AFFA4B0084C11A /* enemy_avatar.cpp */ = {isa = PBXFileReference; fileEncoding = 4; lastKnownFileType = sourcecode.cpp.cpp; name = enemy_avatar.cpp; path = ../../src/enemy_avatar.cpp; sourceTree = "<group>"; };
		96D0918119AFFA4B0084C11A /* engine.cpp */ = {isa = PBXFileReference; fileEncoding = 4; lastKnownFileType = sourcecode.cpp.cpp; name = engine.cpp; path = ../../src/engine.cpp; sourceTree = "<group>"; };
		96D0918219AFFA4B0084C11A /* entity.cpp */ = {isa = PBXFileReference; fileEncoding = 4; lastKnownFileType = sourcecode.cpp.cpp; name = entity.cpp; path = ../../src/entity.cpp; sourceTree = "<group>"; };
		96D0918319AFFA4B0084C11A /* error.cpp */ = {isa = PBXFileReference; fileEncoding = 4; lastKnownFileType = sourcecode.cpp.cpp; name = error.cpp; path = ../../src/error.cpp; sourceTree = "<group>"; };
		96D0918419AFFA4B0084C11A /* follow_character_role.cpp */ = {isa = PBXFileReference; fileEncoding = 4; lastKnownFileType = sourcecode.cpp.cpp; name = follow_character_role.cpp; path = ../../src/follow_character_role.cpp; sourceTree = "<group>"; };
		96D0918519AFFA4B0084C11A /* frame.cpp */ = {isa = PBXFileReference; fileEncoding = 4; lastKnownFileType = sourcecode.cpp.cpp; name = frame.cpp; path = ../../src/frame.cpp; sourceTree = "<group>"; };
		96D0918619AFFA4B0084C11A /* game_specific_globals.cpp */ = {isa = PBXFileReference; fileEncoding = 4; lastKnownFileType = sourcecode.cpp.cpp; name = game_specific_globals.cpp; path = ../../src/game_specific_globals.cpp; sourceTree = "<group>"; };
		96D0918719AFFA4B0084C11A /* general.cpp */ = {isa = PBXFileReference; fileEncoding = 4; lastKnownFileType = sourcecode.cpp.cpp; name = general.cpp; path = ../../src/general.cpp; sourceTree = "<group>"; };
		96D0918819AFFA4B0084C11A /* graphics.cpp */ = {isa = PBXFileReference; fileEncoding = 4; lastKnownFileType = sourcecode.cpp.cpp; name = graphics.cpp; path = ../../src/graphics.cpp; sourceTree = "<group>"; };
		96D0918B19AFFA4B0084C11A /* input_config_loop.cpp */ = {isa = PBXFileReference; fileEncoding = 4; lastKnownFileType = sourcecode.cpp.cpp; name = input_config_loop.cpp; path = ../../src/input_config_loop.cpp; sourceTree = "<group>"; };
		96D0918C19AFFA4B0084C11A /* lua.cpp */ = {isa = PBXFileReference; fileEncoding = 4; lastKnownFileType = sourcecode.cpp.cpp; name = lua.cpp; path = ../../src/lua.cpp; sourceTree = "<group>"; };
		96D0918D19AFFA4B0084C11A /* main_menu_loop.cpp */ = {isa = PBXFileReference; fileEncoding = 4; lastKnownFileType = sourcecode.cpp.cpp; name = main_menu_loop.cpp; path = ../../src/main_menu_loop.cpp; sourceTree = "<group>"; };
		96D0918E19AFFA4B0084C11A /* main.cpp */ = {isa = PBXFileReference; fileEncoding = 4; lastKnownFileType = sourcecode.cpp.cpp; name = main.cpp; path = ../../src/main.cpp; sourceTree = "<group>"; };
		96D0919019AFFA4B0084C11A /* map_entity.cpp */ = {isa = PBXFileReference; fileEncoding = 4; lastKnownFileType = sourcecode.cpp.cpp; name = map_entity.cpp; path = ../../src/map_entity.cpp; sourceTree = "<group>"; };
		96D0919119AFFA4B0084C11A /* map_loop.cpp */ = {isa = PBXFileReference; fileEncoding = 4; lastKnownFileType = sourcecode.cpp.cpp; name = map_loop.cpp; path = ../../src/map_loop.cpp; sourceTree = "<group>"; };
		96D0919219AFFA4B0084C11A /* mt19937ar.c */ = {isa = PBXFileReference; fileEncoding = 4; lastKnownFileType = sourcecode.c.c; name = mt19937ar.c; path = ../../src/mt19937ar.c; sourceTree = "<group>"; };
		96D0919319AFFA4B0084C11A /* music.cpp */ = {isa = PBXFileReference; fileEncoding = 4; lastKnownFileType = sourcecode.cpp.cpp; name = music.cpp; path = ../../src/music.cpp; sourceTree = "<group>"; };
		96D0919419AFFA4B0084C11A /* my_load_bitmap.cpp */ = {isa = PBXFileReference; fileEncoding = 4; lastKnownFileType = sourcecode.cpp.cpp; name = my_load_bitmap.cpp; path = ../../src/my_load_bitmap.cpp; sourceTree = "<group>"; };
		96D0919519AFFA4B0084C11A /* npc.cpp */ = {isa = PBXFileReference; fileEncoding = 4; lastKnownFileType = sourcecode.cpp.cpp; name = npc.cpp; path = ../../src/npc.cpp; sourceTree = "<group>"; };
		96D0919619AFFA4B0084C11A /* particle.cpp */ = {isa = PBXFileReference; fileEncoding = 4; lastKnownFileType = sourcecode.cpp.cpp; name = particle.cpp; path = ../../src/particle.cpp; sourceTree = "<group>"; };
		96D0919719AFFA4B0084C11A /* player.cpp */ = {isa = PBXFileReference; fileEncoding = 4; lastKnownFileType = sourcecode.cpp.cpp; name = player.cpp; path = ../../src/player.cpp; sourceTree = "<group>"; };
		96D0919819AFFA4B0084C11A /* resource_manager.cpp */ = {isa = PBXFileReference; fileEncoding = 4; lastKnownFileType = sourcecode.cpp.cpp; name = resource_manager.cpp; path = ../../src/resource_manager.cpp; sourceTree = "<group>"; };
		96D0919919AFFA4B0084C11A /* runner_loop.cpp */ = {isa = PBXFileReference; fileEncoding = 4; lastKnownFileType = sourcecode.cpp.cpp; name = runner_loop.cpp; path = ../../src/runner_loop.cpp; sourceTree = "<group>"; };
		96D0919A19AFFA4B0084C11A /* saveload_loop.cpp */ = {isa = PBXFileReference; fileEncoding = 4; lastKnownFileType = sourcecode.cpp.cpp; name = saveload_loop.cpp; path = ../../src/saveload_loop.cpp; sourceTree = "<group>"; };
		96D0919B19AFFA4B0084C11A /* shaders.cpp */ = {isa = PBXFileReference; fileEncoding = 4; lastKnownFileType = sourcecode.cpp.cpp; name = shaders.cpp; path = ../../src/shaders.cpp; sourceTree = "<group>"; };
		96D0919C19AFFA4B0084C11A /* shop_loop.cpp */ = {isa = PBXFileReference; fileEncoding = 4; lastKnownFileType = sourcecode.cpp.cpp; name = shop_loop.cpp; path = ../../src/shop_loop.cpp; sourceTree = "<group>"; };
		96D0919D19AFFA4B0084C11A /* skeleton.cpp */ = {isa = PBXFileReference; fileEncoding = 4; lastKnownFileType = sourcecode.cpp.cpp; name = skeleton.cpp; path = ../../src/skeleton.cpp; sourceTree = "<group>"; };
		96D0919E19AFFA4B0084C11A /* snprintf.c */ = {isa = PBXFileReference; fileEncoding = 4; lastKnownFileType = sourcecode.c.c; name = snprintf.c; path = ../../src/snprintf.c; sourceTree = "<group>"; };
		96D0919F19AFFA4B0084C11A /* sound.cpp */ = {isa = PBXFileReference; fileEncoding = 4; lastKnownFileType = sourcecode.cpp.cpp; name = sound.cpp; path = ../../src/sound.cpp; sourceTree = "<group>"; };
		96D091A019AFFA4B0084C11A /* speech_loop.cpp */ = {isa = PBXFileReference; fileEncoding = 4; lastKnownFileType = sourcecode.cpp.cpp; name = speech_loop.cpp; path = ../../src/speech_loop.cpp; sourceTree = "<group>"; };
		96D091A119AFFA4B0084C11A /* steering.cpp */ = {isa = PBXFileReference; fileEncoding = 4; lastKnownFileType = sourcecode.cpp.cpp; name = steering.cpp; path = ../../src/steering.cpp; sourceTree = "<group>"; };
		96D091A219AFFA4B0084C11A /* tls.cpp */ = {isa = PBXFileReference; fileEncoding = 4; lastKnownFileType = sourcecode.cpp.cpp; name = tls.cpp; path = ../../src/tls.cpp; sourceTree = "<group>"; };
		96D091A319AFFA4B0084C11A /* triangulate.cpp */ = {isa = PBXFileReference; fileEncoding = 4; lastKnownFileType = sourcecode.cpp.cpp; name = triangulate.cpp; path = ../../src/triangulate.cpp; sourceTree = "<group>"; };
		96D091A419AFFA4B0084C11A /* video_player.cpp */ = {isa = PBXFileReference; fileEncoding = 4; lastKnownFileType = sourcecode.cpp.cpp; name = video_player.cpp; path = ../../src/video_player.cpp; sourceTree = "<group>"; };
		96D091A519AFFA4B0084C11A /* wander_character_role.cpp */ = {isa = PBXFileReference; fileEncoding = 4; lastKnownFileType = sourcecode.cpp.cpp; name = wander_character_role.cpp; path = ../../src/wander_character_role.cpp; sourceTree = "<group>"; };
		96D091A619AFFA4B0084C11A /* weaponized_entity.cpp */ = {isa = PBXFileReference; fileEncoding = 4; lastKnownFileType = sourcecode.cpp.cpp; name = weaponized_entity.cpp; path = ../../src/weaponized_entity.cpp; sourceTree = "<group>"; };
		96D091A719AFFA4B0084C11A /* well512.c */ = {isa = PBXFileReference; fileEncoding = 4; lastKnownFileType = sourcecode.c.c; name = well512.c; path = ../../src/well512.c; sourceTree = "<group>"; };
		96D091A819AFFA4B0084C11A /* whack_a_skunk_loop.cpp */ = {isa = PBXFileReference; fileEncoding = 4; lastKnownFileType = sourcecode.cpp.cpp; name = whack_a_skunk_loop.cpp; path = ../../src/whack_a_skunk_loop.cpp; sourceTree = "<group>"; };
		96D091A919AFFA4B0084C11A /* widgets.cpp */ = {isa = PBXFileReference; fileEncoding = 4; lastKnownFileType = sourcecode.cpp.cpp; name = widgets.cpp; path = ../../src/widgets.cpp; sourceTree = "<group>"; };
		96D091AA19AFFA4B0084C11A /* xml.cpp */ = {isa = PBXFileReference; fileEncoding = 4; lastKnownFileType = sourcecode.cpp.cpp; name = xml.cpp; path = ../../src/xml.cpp; sourceTree = "<group>"; };
		96D0921819B0033F0084C11A /* AudioToolbox.framework */ = {isa = PBXFileReference; lastKnownFileType = wrapper.framework; name = AudioToolbox.framework; path = System/Library/Frameworks/AudioToolbox.framework; sourceTree = SDKROOT; };
		96D0921A19B003460084C11A /* OpenGLES.framework */ = {isa = PBXFileReference; lastKnownFileType = wrapper.framework; name = OpenGLES.framework; path = System/Library/Frameworks/OpenGLES.framework; sourceTree = SDKROOT; };
		96D0921C19B003A80084C11A /* Accelerate.framework */ = {isa = PBXFileReference; lastKnownFileType = wrapper.framework; name = Accelerate.framework; path = System/Library/Frameworks/Accelerate.framework; sourceTree = SDKROOT; };
		96D0922119B007010084C11A /* data.cpa.uncompressed */ = {isa = PBXFileReference; lastKnownFileType = file; name = data.cpa.uncompressed; path = ../../data.cpa.uncompressed; sourceTree = "<group>"; };
		96D35D1C1B39BCB5000B18FD /* libAllegro5_iOS.a */ = {isa = PBXFileReference; lastKnownFileType = archive.ar; name = libAllegro5_iOS.a; path = ../../../iphone_libs_r/lib/libAllegro5_iOS.a; sourceTree = "<group>"; };
		96D35D1E1B39BDB9000B18FD /* audio_config_loop.cpp */ = {isa = PBXFileReference; fileEncoding = 4; lastKnownFileType = sourcecode.cpp.cpp; name = audio_config_loop.cpp; path = ../../src/audio_config_loop.cpp; sourceTree = "<group>"; };
/* End PBXFileReference section */

/* Begin PBXFrameworksBuildPhase section */
		96BD8DC719AFE7CA001BDCE2 /* Frameworks */ = {
			isa = PBXFrameworksBuildPhase;
			buildActionMask = 2147483647;
			files = (
				9686087E1B6B13EF0008BD29 /* QuartzCore.framework in Frameworks */,
				9686087C1B6B13A30008BD29 /* CFNetwork.framework in Frameworks */,
				968608781B6B12C40008BD29 /* liblua5.2.a in Frameworks */,
				968608741B6B12570008BD29 /* libAllegro5_iOS.a in Frameworks */,
				96CE34B71B6B048C00705360 /* libbassmidi.a in Frameworks */,
				96CE34B51B6B046F00705360 /* libz.dylib in Frameworks */,
				96CE34AE1B6B046A00705360 /* libbass.a in Frameworks */,
				96CE34AF1B6B046A00705360 /* libfreetype.a in Frameworks */,
				96CE34B11B6B046A00705360 /* libpoly2tri.a in Frameworks */,
				96CE34B21B6B046A00705360 /* libtgui2.a in Frameworks */,
				96D0921D19B003A80084C11A /* Accelerate.framework in Frameworks */,
				96D0921B19B003460084C11A /* OpenGLES.framework in Frameworks */,
				96D0921919B0033F0084C11A /* AudioToolbox.framework in Frameworks */,
				96BD8DD019AFE7CA001BDCE2 /* CoreGraphics.framework in Frameworks */,
				96BD8DD219AFE7CA001BDCE2 /* UIKit.framework in Frameworks */,
				96BD8DCE19AFE7CA001BDCE2 /* Foundation.framework in Frameworks */,
			);
			runOnlyForDeploymentPostprocessing = 0;
		};
/* End PBXFrameworksBuildPhase section */

/* Begin PBXGroup section */
		96BD8DC119AFE7CA001BDCE2 = {
			isa = PBXGroup;
			children = (
				968608721B6B10A00008BD29 /* wrap.cpp */,
				9686086E1B6B10830008BD29 /* atlas_accessor.cpp */,
				9686086F1B6B10830008BD29 /* atlas.cpp */,
				96D35D1E1B39BDB9000B18FD /* audio_config_loop.cpp */,
				962E88C81A33EFAA0004DE04 /* difficulty_loop.cpp */,
				96C4541419F172E300D8FCFF /* video_config_loop.cpp */,
				96C4541219F1729900D8FCFF /* settings_loop.cpp */,
				96C4541019F16F7500D8FCFF /* language_config_loop.cpp */,
				96D0922119B007010084C11A /* data.cpa.uncompressed */,
				96D0916219AFFA4B0084C11A /* abilities.cpp */,
				96D0916419AFFA4B0084C11A /* animation_set.cpp */,
				96D0916519AFFA4B0084C11A /* animation.cpp */,
				96D0916619AFFA4B0084C11A /* apple.m */,
				96D0916719AFFA4B0084C11A /* area_loop.cpp */,
				96D0916819AFFA4B0084C11A /* area_manager.cpp */,
				96D0916919AFFA4B0084C11A /* astar_character_role.cpp */,
				96D0916A19AFFA4B0084C11A /* astar.cpp */,
				96D0916B19AFFA4B0084C11A /* bass_fileprocs.cpp */,
				96D0916C19AFFA4B0084C11A /* bass.cpp */,
				96D0916D19AFFA4B0084C11A /* battle_ai.cpp */,
				96D0916E19AFFA4B0084C11A /* battle_entity.cpp */,
				96D0916F19AFFA4B0084C11A /* battle_loop.cpp */,
				96D0917019AFFA4B0084C11A /* battle_pathfind.cpp */,
				96D0917119AFFA4B0084C11A /* battle_transition_in.cpp */,
				96D0917219AFFA4B0084C11A /* bitmap.cpp */,
				96D0917319AFFA4B0084C11A /* bones.cpp */,
				96D0917419AFFA4B0084C11A /* camera.cpp */,
				96D0917519AFFA4B0084C11A /* character_map_entity.cpp */,
				96D0917619AFFA4B0084C11A /* character_role.cpp */,
				96D0917719AFFA4B0084C11A /* collidable.cpp */,
				96D0917819AFFA4B0084C11A /* collision_detection.cpp */,
				96D0917919AFFA4B0084C11A /* config.cpp */,
				96D0917A19AFFA4B0084C11A /* cpa.cpp */,
				96D0917B19AFFA4B0084C11A /* credits_loop.cpp */,
				96D0917C19AFFA4B0084C11A /* crystal_loop.cpp */,
				96D0917D19AFFA4B0084C11A /* crystalpicnic.cpp */,
				96D0917E19AFFA4B0084C11A /* direct3d.cpp */,
				96D0917F19AFFA4B0084C11A /* enemy_avatar_wander_character_role.cpp */,
				96D0918019AFFA4B0084C11A /* enemy_avatar.cpp */,
				96D0918119AFFA4B0084C11A /* engine.cpp */,
				96D0918219AFFA4B0084C11A /* entity.cpp */,
				96D0918319AFFA4B0084C11A /* error.cpp */,
				96D0918419AFFA4B0084C11A /* follow_character_role.cpp */,
				96D0918519AFFA4B0084C11A /* frame.cpp */,
				96D0918619AFFA4B0084C11A /* game_specific_globals.cpp */,
				96D0918719AFFA4B0084C11A /* general.cpp */,
				96D0918819AFFA4B0084C11A /* graphics.cpp */,
				96D0918B19AFFA4B0084C11A /* input_config_loop.cpp */,
				96D0918C19AFFA4B0084C11A /* lua.cpp */,
				96D0918D19AFFA4B0084C11A /* main_menu_loop.cpp */,
				96D0918E19AFFA4B0084C11A /* main.cpp */,
				96D0919019AFFA4B0084C11A /* map_entity.cpp */,
				96D0919119AFFA4B0084C11A /* map_loop.cpp */,
				96D0919219AFFA4B0084C11A /* mt19937ar.c */,
				96D0919319AFFA4B0084C11A /* music.cpp */,
				96D0919419AFFA4B0084C11A /* my_load_bitmap.cpp */,
				96D0919519AFFA4B0084C11A /* npc.cpp */,
				96D0919619AFFA4B0084C11A /* particle.cpp */,
				96D0919719AFFA4B0084C11A /* player.cpp */,
				96D0919819AFFA4B0084C11A /* resource_manager.cpp */,
				96D0919919AFFA4B0084C11A /* runner_loop.cpp */,
				96D0919A19AFFA4B0084C11A /* saveload_loop.cpp */,
				96D0919B19AFFA4B0084C11A /* shaders.cpp */,
				96D0919C19AFFA4B0084C11A /* shop_loop.cpp */,
				96D0919D19AFFA4B0084C11A /* skeleton.cpp */,
				96D0919E19AFFA4B0084C11A /* snprintf.c */,
				96D0919F19AFFA4B0084C11A /* sound.cpp */,
				96D091A019AFFA4B0084C11A /* speech_loop.cpp */,
				96D091A119AFFA4B0084C11A /* steering.cpp */,
				96D091A219AFFA4B0084C11A /* tls.cpp */,
				96D091A319AFFA4B0084C11A /* triangulate.cpp */,
				96D091A419AFFA4B0084C11A /* video_player.cpp */,
				96D091A519AFFA4B0084C11A /* wander_character_role.cpp */,
				96D091A619AFFA4B0084C11A /* weaponized_entity.cpp */,
				96D091A719AFFA4B0084C11A /* well512.c */,
				96D091A819AFFA4B0084C11A /* whack_a_skunk_loop.cpp */,
				96D091A919AFFA4B0084C11A /* widgets.cpp */,
				96D091AA19AFFA4B0084C11A /* xml.cpp */,
				96BD8DD319AFE7CA001BDCE2 /* Crystal Picnic */,
				96BD8DCC19AFE7CA001BDCE2 /* Frameworks */,
				96BD8DCB19AFE7CA001BDCE2 /* Products */,
			);
			sourceTree = "<group>";
		};
		96BD8DCB19AFE7CA001BDCE2 /* Products */ = {
			isa = PBXGroup;
			children = (
				96BD8DCA19AFE7CA001BDCE2 /* Crystal Picnic.app */,
			);
			name = Products;
			sourceTree = "<group>";
		};
		96BD8DCC19AFE7CA001BDCE2 /* Frameworks */ = {
			isa = PBXGroup;
			children = (
				9686087D1B6B13EF0008BD29 /* QuartzCore.framework */,
				9686087B1B6B13A30008BD29 /* CFNetwork.framework */,
				968608791B6B137F0008BD29 /* MobileCoreServices.framework */,
				968608771B6B12C30008BD29 /* liblua5.2.a */,
				96CE34B61B6B048C00705360 /* libbassmidi.a */,
				96CE34B41B6B046F00705360 /* libz.dylib */,
				96CE34A81B6B046A00705360 /* libbass.a */,
				96CE34A91B6B046A00705360 /* libfreetype.a */,
				96CE34AA1B6B046A00705360 /* liblua.a */,
				96CE34AB1B6B046A00705360 /* libpoly2tri.a */,
				96CE34AC1B6B046A00705360 /* libtgui2.a */,
				96CE34AD1B6B046A00705360 /* libwrap.a */,
				96D35D1C1B39BCB5000B18FD /* libAllegro5_iOS.a */,
				96D0921C19B003A80084C11A /* Accelerate.framework */,
				96D0921A19B003460084C11A /* OpenGLES.framework */,
				96D0921819B0033F0084C11A /* AudioToolbox.framework */,
				96BD8DCD19AFE7CA001BDCE2 /* Foundation.framework */,
				96BD8DCF19AFE7CA001BDCE2 /* CoreGraphics.framework */,
				96BD8DD119AFE7CA001BDCE2 /* UIKit.framework */,
			);
			name = Frameworks;
			sourceTree = "<group>";
		};
		96BD8DD319AFE7CA001BDCE2 /* Crystal Picnic */ = {
			isa = PBXGroup;
			children = (
				96BD8DDF19AFE7CA001BDCE2 /* Images.xcassets */,
				96BD8DD419AFE7CA001BDCE2 /* Supporting Files */,
			);
			path = "Crystal Picnic";
			sourceTree = "<group>";
		};
		96BD8DD419AFE7CA001BDCE2 /* Supporting Files */ = {
			isa = PBXGroup;
			children = (
				96BD8DD519AFE7CA001BDCE2 /* Crystal Picnic-Info.plist */,
			);
			name = "Supporting Files";
			sourceTree = "<group>";
		};
/* End PBXGroup section */

/* Begin PBXNativeTarget section */
		96BD8DC919AFE7CA001BDCE2 /* Crystal Picnic */ = {
			isa = PBXNativeTarget;
			buildConfigurationList = 96BD8DF619AFE7CA001BDCE2 /* Build configuration list for PBXNativeTarget "Crystal Picnic" */;
			buildPhases = (
				96BD8DC619AFE7CA001BDCE2 /* Sources */,
				96BD8DC719AFE7CA001BDCE2 /* Frameworks */,
				96BD8DC819AFE7CA001BDCE2 /* Resources */,
				96D0922019B006E60084C11A /* CopyFiles */,
			);
			buildRules = (
			);
			dependencies = (
			);
			name = "Crystal Picnic";
			productName = "Crystal Picnic";
			productReference = 96BD8DCA19AFE7CA001BDCE2 /* Crystal Picnic.app */;
			productType = "com.apple.product-type.application";
		};
/* End PBXNativeTarget section */

/* Begin PBXProject section */
		96BD8DC219AFE7CA001BDCE2 /* Project object */ = {
			isa = PBXProject;
			attributes = {
				LastUpgradeCheck = 0510;
				ORGANIZATIONNAME = Nooskewl;
				TargetAttributes = {
					96BD8DC919AFE7CA001BDCE2 = {
						DevelopmentTeam = ZCLK6CUZ99;
					};
				};
			};
			buildConfigurationList = 96BD8DC519AFE7CA001BDCE2 /* Build configuration list for PBXProject "Crystal Picnic" */;
			compatibilityVersion = "Xcode 3.2";
			developmentRegion = English;
			hasScannedForEncodings = 0;
			knownRegions = (
				en,
			);
			mainGroup = 96BD8DC119AFE7CA001BDCE2;
			productRefGroup = 96BD8DCB19AFE7CA001BDCE2 /* Products */;
			projectDirPath = "";
			projectRoot = "";
			targets = (
				96BD8DC919AFE7CA001BDCE2 /* Crystal Picnic */,
			);
		};
/* End PBXProject section */

/* Begin PBXResourcesBuildPhase section */
		96BD8DC819AFE7CA001BDCE2 /* Resources */ = {
			isa = PBXResourcesBuildPhase;
			buildActionMask = 2147483647;
			files = (
				96BD8DE019AFE7CA001BDCE2 /* Images.xcassets in Resources */,
			);
			runOnlyForDeploymentPostprocessing = 0;
		};
/* End PBXResourcesBuildPhase section */

/* Begin PBXSourcesBuildPhase section */
		96BD8DC619AFE7CA001BDCE2 /* Sources */ = {
			isa = PBXSourcesBuildPhase;
			buildActionMask = 2147483647;
			files = (
				96D091D519AFFA4B0084C11A /* lua.cpp in Sources */,
				96D091E019AFFA4B0084C11A /* player.cpp in Sources */,
				96D091C419AFFA4B0084C11A /* credits_loop.cpp in Sources */,
				96D091B519AFFA4B0084C11A /* bass.cpp in Sources */,
				96D091DA19AFFA4B0084C11A /* map_loop.cpp in Sources */,
				96D091F319AFFA4B0084C11A /* xml.cpp in Sources */,
				96D091CC19AFFA4B0084C11A /* error.cpp in Sources */,
				968608731B6B10A00008BD29 /* wrap.cpp in Sources */,
				96D091C619AFFA4B0084C11A /* crystalpicnic.cpp in Sources */,
				96D091AB19AFFA4B0084C11A /* abilities.cpp in Sources */,
				96D091CF19AFFA4B0084C11A /* game_specific_globals.cpp in Sources */,
				96D35D1F1B39BDB9000B18FD /* audio_config_loop.cpp in Sources */,
				96D091CE19AFFA4B0084C11A /* frame.cpp in Sources */,
				96D091C919AFFA4B0084C11A /* enemy_avatar.cpp in Sources */,
				96D091D619AFFA4B0084C11A /* main_menu_loop.cpp in Sources */,
				96D091B219AFFA4B0084C11A /* astar_character_role.cpp in Sources */,
				96D091DC19AFFA4B0084C11A /* music.cpp in Sources */,
				96D091ED19AFFA4B0084C11A /* video_player.cpp in Sources */,
				96D091B819AFFA4B0084C11A /* battle_loop.cpp in Sources */,
				96D091B119AFFA4B0084C11A /* area_manager.cpp in Sources */,
				96D091BA19AFFA4B0084C11A /* battle_transition_in.cpp in Sources */,
				96D091AD19AFFA4B0084C11A /* animation_set.cpp in Sources */,
				96D091DB19AFFA4B0084C11A /* mt19937ar.c in Sources */,
				96D091B919AFFA4B0084C11A /* battle_pathfind.cpp in Sources */,
				96D091D019AFFA4B0084C11A /* general.cpp in Sources */,
				96D091E619AFFA4B0084C11A /* skeleton.cpp in Sources */,
				96D091B319AFFA4B0084C11A /* astar.cpp in Sources */,
				96D091BB19AFFA4B0084C11A /* bitmap.cpp in Sources */,
				96D091DF19AFFA4B0084C11A /* particle.cpp in Sources */,
				96D091E919AFFA4B0084C11A /* speech_loop.cpp in Sources */,
				96D091CB19AFFA4B0084C11A /* entity.cpp in Sources */,
				96D091AF19AFFA4B0084C11A /* apple.m in Sources */,
				968608701B6B10830008BD29 /* atlas_accessor.cpp in Sources */,
				96D091BC19AFFA4B0084C11A /* bones.cpp in Sources */,
				96C4541519F172E300D8FCFF /* video_config_loop.cpp in Sources */,
				96D091EC19AFFA4B0084C11A /* triangulate.cpp in Sources */,
				968608711B6B10830008BD29 /* atlas.cpp in Sources */,
				96D091EB19AFFA4B0084C11A /* tls.cpp in Sources */,
				96D091EA19AFFA4B0084C11A /* steering.cpp in Sources */,
				96D091AE19AFFA4B0084C11A /* animation.cpp in Sources */,
				96C4541119F16F7500D8FCFF /* language_config_loop.cpp in Sources */,
				96D091F219AFFA4B0084C11A /* widgets.cpp in Sources */,
				96D091DD19AFFA4B0084C11A /* my_load_bitmap.cpp in Sources */,
				96D091EF19AFFA4B0084C11A /* weaponized_entity.cpp in Sources */,
				96D091B019AFFA4B0084C11A /* area_loop.cpp in Sources */,
				96D091E319AFFA4B0084C11A /* saveload_loop.cpp in Sources */,
				962E88C91A33EFAA0004DE04 /* difficulty_loop.cpp in Sources */,
				96D091DE19AFFA4B0084C11A /* npc.cpp in Sources */,
				96D091CA19AFFA4B0084C11A /* engine.cpp in Sources */,
				96D091D419AFFA4B0084C11A /* input_config_loop.cpp in Sources */,
				96D091BD19AFFA4B0084C11A /* camera.cpp in Sources */,
				96D091C519AFFA4B0084C11A /* crystal_loop.cpp in Sources */,
				96D091BE19AFFA4B0084C11A /* character_map_entity.cpp in Sources */,
				96D091C019AFFA4B0084C11A /* collidable.cpp in Sources */,
				96D091C219AFFA4B0084C11A /* config.cpp in Sources */,
				96D091B419AFFA4B0084C11A /* bass_fileprocs.cpp in Sources */,
				96D091CD19AFFA4B0084C11A /* follow_character_role.cpp in Sources */,
				96D091B719AFFA4B0084C11A /* battle_entity.cpp in Sources */,
				96D091E719AFFA4B0084C11A /* snprintf.c in Sources */,
				96D091D119AFFA4B0084C11A /* graphics.cpp in Sources */,
				96D091D919AFFA4B0084C11A /* map_entity.cpp in Sources */,
				96D091E819AFFA4B0084C11A /* sound.cpp in Sources */,
				96D091BF19AFFA4B0084C11A /* character_role.cpp in Sources */,
				96D091D719AFFA4B0084C11A /* main.cpp in Sources */,
				96D091F019AFFA4B0084C11A /* well512.c in Sources */,
				96D091E519AFFA4B0084C11A /* shop_loop.cpp in Sources */,
				96D091C119AFFA4B0084C11A /* collision_detection.cpp in Sources */,
				96D091E419AFFA4B0084C11A /* shaders.cpp in Sources */,
				96D091C719AFFA4B0084C11A /* direct3d.cpp in Sources */,
				96D091E219AFFA4B0084C11A /* runner_loop.cpp in Sources */,
				96C4541319F1729900D8FCFF /* settings_loop.cpp in Sources */,
				96D091F119AFFA4B0084C11A /* whack_a_skunk_loop.cpp in Sources */,
				96D091C319AFFA4B0084C11A /* cpa.cpp in Sources */,
				96D091EE19AFFA4B0084C11A /* wander_character_role.cpp in Sources */,
				96D091E119AFFA4B0084C11A /* resource_manager.cpp in Sources */,
				96D091C819AFFA4B0084C11A /* enemy_avatar_wander_character_role.cpp in Sources */,
				96D091B619AFFA4B0084C11A /* battle_ai.cpp in Sources */,
			);
			runOnlyForDeploymentPostprocessing = 0;
		};
/* End PBXSourcesBuildPhase section */

/* Begin XCBuildConfiguration section */
		96BD8DF419AFE7CA001BDCE2 /* Debug */ = {
			isa = XCBuildConfiguration;
			buildSettings = {
				ALWAYS_SEARCH_USER_PATHS = NO;
				CLANG_CXX_LANGUAGE_STANDARD = "gnu++0x";
				CLANG_CXX_LIBRARY = "libc++";
				CLANG_ENABLE_MODULES = YES;
				CLANG_ENABLE_OBJC_ARC = YES;
				CLANG_WARN_BOOL_CONVERSION = YES;
				CLANG_WARN_CONSTANT_CONVERSION = YES;
				CLANG_WARN_DIRECT_OBJC_ISA_USAGE = YES_ERROR;
				CLANG_WARN_EMPTY_BODY = YES;
				CLANG_WARN_ENUM_CONVERSION = YES;
				CLANG_WARN_INT_CONVERSION = YES;
				CLANG_WARN_OBJC_ROOT_CLASS = YES_ERROR;
				CLANG_WARN__DUPLICATE_METHOD_MATCH = YES;
				CODE_SIGN_IDENTITY = "iPhone Developer: Trent Gamblin (5923J6TNDK)";
				"CODE_SIGN_IDENTITY[sdk=iphoneos*]" = "iPhone Developer: Trent Gamblin (5923J6TNDK)";
				COPY_PHASE_STRIP = NO;
				GCC_C_LANGUAGE_STANDARD = gnu99;
				GCC_DYNAMIC_NO_PIC = NO;
				GCC_OPTIMIZATION_LEVEL = 0;
				GCC_PREPROCESSOR_DEFINITIONS = (
					"DEBUG=1",
					"$(inherited)",
				);
				GCC_SYMBOLS_PRIVATE_EXTERN = NO;
				GCC_WARN_64_TO_32_BIT_CONVERSION = YES;
				GCC_WARN_ABOUT_RETURN_TYPE = YES_ERROR;
				GCC_WARN_UNDECLARED_SELECTOR = YES;
				GCC_WARN_UNINITIALIZED_AUTOS = YES_AGGRESSIVE;
				GCC_WARN_UNUSED_FUNCTION = YES;
				GCC_WARN_UNUSED_VARIABLE = YES;
				IPHONEOS_DEPLOYMENT_TARGET = 6.0;
				ONLY_ACTIVE_ARCH = YES;
				SDKROOT = iphoneos;
				VALID_ARCHS = "arm64 armv7";
			};
			name = Debug;
		};
		96BD8DF519AFE7CA001BDCE2 /* Release */ = {
			isa = XCBuildConfiguration;
			buildSettings = {
				ALWAYS_SEARCH_USER_PATHS = NO;
				CLANG_CXX_LANGUAGE_STANDARD = "gnu++0x";
				CLANG_CXX_LIBRARY = "libc++";
				CLANG_ENABLE_MODULES = YES;
				CLANG_ENABLE_OBJC_ARC = YES;
				CLANG_WARN_BOOL_CONVERSION = YES;
				CLANG_WARN_CONSTANT_CONVERSION = YES;
				CLANG_WARN_DIRECT_OBJC_ISA_USAGE = YES_ERROR;
				CLANG_WARN_EMPTY_BODY = YES;
				CLANG_WARN_ENUM_CONVERSION = YES;
				CLANG_WARN_INT_CONVERSION = YES;
				CLANG_WARN_OBJC_ROOT_CLASS = YES_ERROR;
				CLANG_WARN__DUPLICATE_METHOD_MATCH = YES;
				CODE_SIGN_IDENTITY = "iPhone Developer: Trent Gamblin (5923J6TNDK)";
				"CODE_SIGN_IDENTITY[sdk=iphoneos*]" = "iPhone Developer: Trent Gamblin (5923J6TNDK)";
				COPY_PHASE_STRIP = YES;
				ENABLE_NS_ASSERTIONS = NO;
				GCC_C_LANGUAGE_STANDARD = gnu99;
				GCC_WARN_64_TO_32_BIT_CONVERSION = YES;
				GCC_WARN_ABOUT_RETURN_TYPE = YES_ERROR;
				GCC_WARN_UNDECLARED_SELECTOR = YES;
				GCC_WARN_UNINITIALIZED_AUTOS = YES_AGGRESSIVE;
				GCC_WARN_UNUSED_FUNCTION = YES;
				GCC_WARN_UNUSED_VARIABLE = YES;
				IPHONEOS_DEPLOYMENT_TARGET = 6.0;
				SDKROOT = iphoneos;
				VALIDATE_PRODUCT = YES;
				VALID_ARCHS = "arm64 armv7";
			};
			name = Release;
		};
		96BD8DF719AFE7CA001BDCE2 /* Debug */ = {
			isa = XCBuildConfiguration;
			buildSettings = {
				ARCHS = "$(ARCHS_STANDARD)";
				ASSETCATALOG_COMPILER_APPICON_NAME = AppIcon;
				ASSETCATALOG_COMPILER_LAUNCHIMAGE_NAME = LaunchImage;
				CODE_SIGN_IDENTITY = "iPhone Developer: Trent Gamblin (5923J6TNDK)";
				"CODE_SIGN_IDENTITY[sdk=iphoneos*]" = "iPhone Developer: Trent Gamblin (5923J6TNDK)";
				GCC_PREPROCESSOR_DEFINITIONS = "";
				HEADER_SEARCH_PATHS = (
					"$(inherited)",
					"/Users/trent/code/crystal-picnic/include",
					/Users/trent/code/iphone_libs_r/include,
					/Applications/Xcode.app/Contents/Developer/Toolchains/XcodeDefault.xctoolchain/usr/include,
					"/Users/trent/code/crystal-picnic/libs/atlas/src",
					"/Users/trent/code/crystal-picnic/libs/wrap/src",
				);
				INFOPLIST_FILE = "Crystal Picnic/Crystal Picnic-Info.plist";
				IPHONEOS_DEPLOYMENT_TARGET = 6.0;
				LIBRARY_SEARCH_PATHS = /Users/trent/code/iphone_libs_r/lib;
				PRODUCT_NAME = "$(TARGET_NAME)";
				PROVISIONING_PROFILE = "";
				TARGETED_DEVICE_FAMILY = "1,2";
				VALID_ARCHS = "armv7 arm64";
				WRAPPER_EXTENSION = app;
			};
			name = Debug;
		};
		96BD8DF819AFE7CA001BDCE2 /* Release */ = {
			isa = XCBuildConfiguration;
			buildSettings = {
				ARCHS = "$(ARCHS_STANDARD)";
				ASSETCATALOG_COMPILER_APPICON_NAME = AppIcon;
				ASSETCATALOG_COMPILER_LAUNCHIMAGE_NAME = LaunchImage;
				CODE_SIGN_IDENTITY = "iPhone Developer: Trent Gamblin (5923J6TNDK)";
				"CODE_SIGN_IDENTITY[sdk=iphoneos*]" = "iPhone Developer: Trent Gamblin (5923J6TNDK)";
				HEADER_SEARCH_PATHS = (
					"$(inherited)",
					"/Users/trent/code/crystal-picnic/include",
					/Users/trent/code/iphone_libs_r/include,
					/Applications/Xcode.app/Contents/Developer/Toolchains/XcodeDefault.xctoolchain/usr/include,
					"/Users/trent/code/crystal-picnic/libs/atlas/src",
					"/Users/trent/code/crystal-picnic/libs/wrap/src",
				);
				INFOPLIST_FILE = "Crystal Picnic/Crystal Picnic-Info.plist";
				IPHONEOS_DEPLOYMENT_TARGET = 6.0;
				LIBRARY_SEARCH_PATHS = /Users/trent/code/iphone_libs_r/lib;
				PRODUCT_NAME = "$(TARGET_NAME)";
				PROVISIONING_PROFILE = "";
				TARGETED_DEVICE_FAMILY = "1,2";
				VALID_ARCHS = "armv7 arm64";
				WRAPPER_EXTENSION = app;
			};
			name = Release;
		};
/* End XCBuildConfiguration section */

/* Begin XCConfigurationList section */
		96BD8DC519AFE7CA001BDCE2 /* Build configuration list for PBXProject "Crystal Picnic" */ = {
			isa = XCConfigurationList;
			buildConfigurations = (
				96BD8DF419AFE7CA001BDCE2 /* Debug */,
				96BD8DF519AFE7CA001BDCE2 /* Release */,
			);
			defaultConfigurationIsVisible = 0;
			defaultConfigurationName = Release;
		};
		96BD8DF619AFE7CA001BDCE2 /* Build configuration list for PBXNativeTarget "Crystal Picnic" */ = {
			isa = XCConfigurationList;
			buildConfigurations = (
				96BD8DF719AFE7CA001BDCE2 /* Debug */,
				96BD8DF819AFE7CA001BDCE2 /* Release */,
			);
			defaultConfigurationIsVisible = 0;
			defaultConfigurationName = Release;
		};
/* End XCConfigurationList section */
	};
	rootObject = 96BD8DC219AFE7CA001BDCE2 /* Project object */;
}
